// !$*UTF8*$!
{
	archiveVersion = 1;
	classes = {
	};
	objectVersion = 77;
	objects = {

/* Begin PBXContainerItemProxy section */
		334E0ED72E6FBA5F001C5C4E /* PBXContainerItemProxy */ = {
			isa = PBXContainerItemProxy;
			containerPortal = 334E0EC12E6FBA5D001C5C4E /* Project object */;
			proxyType = 1;
			remoteGlobalIDString = 334E0EC82E6FBA5D001C5C4E;
			remoteInfo = "LemmonRestaurant-Ch3";
		};
		334E0EE12E6FBA5F001C5C4E /* PBXContainerItemProxy */ = {
			isa = PBXContainerItemProxy;
			containerPortal = 334E0EC12E6FBA5D001C5C4E /* Project object */;
			proxyType = 1;
			remoteGlobalIDString = 334E0EC82E6FBA5D001C5C4E;
			remoteInfo = "LemmonRestaurant-Ch3";
		};
/* End PBXContainerItemProxy section */

/* Begin PBXFileReference section */
		334E0EC92E6FBA5D001C5C4E /* LemmonRestaurant-Ch3.app */ = {isa = PBXFileReference; explicitFileType = wrapper.application; includeInIndex = 0; path = "LemmonRestaurant-Ch3.app"; sourceTree = BUILT_PRODUCTS_DIR; };
		334E0ED62E6FBA5F001C5C4E /* LemmonRestaurant-Ch3Tests.xctest */ = {isa = PBXFileReference; explicitFileType = wrapper.cfbundle; includeInIndex = 0; path = "LemmonRestaurant-Ch3Tests.xctest"; sourceTree = BUILT_PRODUCTS_DIR; };
		334E0EE02E6FBA5F001C5C4E /* LemmonRestaurant-Ch3UITests.xctest */ = {isa = PBXFileReference; explicitFileType = wrapper.cfbundle; includeInIndex = 0; path = "LemmonRestaurant-Ch3UITests.xctest"; sourceTree = BUILT_PRODUCTS_DIR; };
/* End PBXFileReference section */

/* Begin PBXFileSystemSynchronizedRootGroup section */
		334E0ECB2E6FBA5D001C5C4E /* LemmonRestaurant-Ch3 */ = {
			isa = PBXFileSystemSynchronizedRootGroup;
			path = "LemmonRestaurant-Ch3";
			sourceTree = "<group>";
		};
		334E0ED92E6FBA5F001C5C4E /* LemmonRestaurant-Ch3Tests */ = {
			isa = PBXFileSystemSynchronizedRootGroup;
			path = "LemmonRestaurant-Ch3Tests";
			sourceTree = "<group>";
		};
		334E0EE32E6FBA5F001C5C4E /* LemmonRestaurant-Ch3UITests */ = {
			isa = PBXFileSystemSynchronizedRootGroup;
			path = "LemmonRestaurant-Ch3UITests";
			sourceTree = "<group>";
		};
		334E0EF72E6FBE75001C5C4E /* Practice */ = {
			isa = PBXFileSystemSynchronizedRootGroup;
			path = Practice;
			sourceTree = "<group>";
		};
/* End PBXFileSystemSynchronizedRootGroup section */

/* Begin PBXFrameworksBuildPhase section */
		334E0EC62E6FBA5D001C5C4E /* Frameworks */ = {
			isa = PBXFrameworksBuildPhase;
			buildActionMask = 2147483647;
			files = (
			);
			runOnlyForDeploymentPostprocessing = 0;
		};
		334E0ED32E6FBA5F001C5C4E /* Frameworks */ = {
			isa = PBXFrameworksBuildPhase;
			buildActionMask = 2147483647;
			files = (
			);
			runOnlyForDeploymentPostprocessing = 0;
		};
		334E0EDD2E6FBA5F001C5C4E /* Frameworks */ = {
			isa = PBXFrameworksBuildPhase;
			buildActionMask = 2147483647;
			files = (
			);
			runOnlyForDeploymentPostprocessing = 0;
		};
/* End PBXFrameworksBuildPhase section */

/* Begin PBXGroup section */
		334E0EC02E6FBA5D001C5C4E = {
			isa = PBXGroup;
			children = (
				334E0ECB2E6FBA5D001C5C4E /* LemmonRestaurant-Ch3 */,
				334E0ED92E6FBA5F001C5C4E /* LemmonRestaurant-Ch3Tests */,
				334E0EE32E6FBA5F001C5C4E /* LemmonRestaurant-Ch3UITests */,
				334E0EF72E6FBE75001C5C4E /* Practice */,
				334E0ECA2E6FBA5D001C5C4E /* Products */,
			);
			sourceTree = "<group>";
		};
		334E0ECA2E6FBA5D001C5C4E /* Products */ = {
			isa = PBXGroup;
			children = (
				334E0EC92E6FBA5D001C5C4E /* LemmonRestaurant-Ch3.app */,
				334E0ED62E6FBA5F001C5C4E /* LemmonRestaurant-Ch3Tests.xctest */,
				334E0EE02E6FBA5F001C5C4E /* LemmonRestaurant-Ch3UITests.xctest */,
			);
			name = Products;
			sourceTree = "<group>";
		};
/* End PBXGroup section */

/* Begin PBXNativeTarget section */
		334E0EC82E6FBA5D001C5C4E /* LemmonRestaurant-Ch3 */ = {
			isa = PBXNativeTarget;
			buildConfigurationList = 334E0EEA2E6FBA5F001C5C4E /* Build configuration list for PBXNativeTarget "LemmonRestaurant-Ch3" */;
			buildPhases = (
				334E0EC52E6FBA5D001C5C4E /* Sources */,
				334E0EC62E6FBA5D001C5C4E /* Frameworks */,
				334E0EC72E6FBA5D001C5C4E /* Resources */,
			);
			buildRules = (
			);
			dependencies = (
			);
			fileSystemSynchronizedGroups = (
				334E0ECB2E6FBA5D001C5C4E /* LemmonRestaurant-Ch3 */,
				334E0EF72E6FBE75001C5C4E /* Practice */,
			);
			name = "LemmonRestaurant-Ch3";
			packageProductDependencies = (
			);
			productName = "LemmonRestaurant-Ch3";
			productReference = 334E0EC92E6FBA5D001C5C4E /* LemmonRestaurant-Ch3.app */;
			productType = "com.apple.product-type.application";
		};
		334E0ED52E6FBA5F001C5C4E /* LemmonRestaurant-Ch3Tests */ = {
			isa = PBXNativeTarget;
			buildConfigurationList = 334E0EED2E6FBA5F001C5C4E /* Build configuration list for PBXNativeTarget "LemmonRestaurant-Ch3Tests" */;
			buildPhases = (
				334E0ED22E6FBA5F001C5C4E /* Sources */,
				334E0ED32E6FBA5F001C5C4E /* Frameworks */,
				334E0ED42E6FBA5F001C5C4E /* Resources */,
			);
			buildRules = (
			);
			dependencies = (
				334E0ED82E6FBA5F001C5C4E /* PBXTargetDependency */,
			);
			fileSystemSynchronizedGroups = (
				334E0ED92E6FBA5F001C5C4E /* LemmonRestaurant-Ch3Tests */,
			);
			name = "LemmonRestaurant-Ch3Tests";
			packageProductDependencies = (
			);
			productName = "LemmonRestaurant-Ch3Tests";
			productReference = 334E0ED62E6FBA5F001C5C4E /* LemmonRestaurant-Ch3Tests.xctest */;
			productType = "com.apple.product-type.bundle.unit-test";
		};
		334E0EDF2E6FBA5F001C5C4E /* LemmonRestaurant-Ch3UITests */ = {
			isa = PBXNativeTarget;
			buildConfigurationList = 334E0EF02E6FBA5F001C5C4E /* Build configuration list for PBXNativeTarget "LemmonRestaurant-Ch3UITests" */;
			buildPhases = (
				334E0EDC2E6FBA5F001C5C4E /* Sources */,
				334E0EDD2E6FBA5F001C5C4E /* Frameworks */,
				334E0EDE2E6FBA5F001C5C4E /* Resources */,
			);
			buildRules = (
			);
			dependencies = (
				334E0EE22E6FBA5F001C5C4E /* PBXTargetDependency */,
			);
			fileSystemSynchronizedGroups = (
				334E0EE32E6FBA5F001C5C4E /* LemmonRestaurant-Ch3UITests */,
			);
			name = "LemmonRestaurant-Ch3UITests";
			packageProductDependencies = (
			);
			productName = "LemmonRestaurant-Ch3UITests";
			productReference = 334E0EE02E6FBA5F001C5C4E /* LemmonRestaurant-Ch3UITests.xctest */;
			productType = "com.apple.product-type.bundle.ui-testing";
		};
/* End PBXNativeTarget section */

/* Begin PBXProject section */
		334E0EC12E6FBA5D001C5C4E /* Project object */ = {
			isa = PBXProject;
			attributes = {
				BuildIndependentTargetsInParallel = 1;
				LastSwiftUpdateCheck = 1640;
				LastUpgradeCheck = 1640;
				TargetAttributes = {
					334E0EC82E6FBA5D001C5C4E = {
						CreatedOnToolsVersion = 16.4;
					};
					334E0ED52E6FBA5F001C5C4E = {
						CreatedOnToolsVersion = 16.4;
						TestTargetID = 334E0EC82E6FBA5D001C5C4E;
					};
					334E0EDF2E6FBA5F001C5C4E = {
						CreatedOnToolsVersion = 16.4;
						TestTargetID = 334E0EC82E6FBA5D001C5C4E;
					};
				};
			};
			buildConfigurationList = 334E0EC42E6FBA5D001C5C4E /* Build configuration list for PBXProject "LemmonRestaurant-Ch3" */;
			developmentRegion = en;
			hasScannedForEncodings = 0;
			knownRegions = (
				en,
				Base,
			);
			mainGroup = 334E0EC02E6FBA5D001C5C4E;
			minimizedProjectReferenceProxies = 1;
			preferredProjectObjectVersion = 77;
			productRefGroup = 334E0ECA2E6FBA5D001C5C4E /* Products */;
			projectDirPath = "";
			projectRoot = "";
			targets = (
				334E0EC82E6FBA5D001C5C4E /* LemmonRestaurant-Ch3 */,
				334E0ED52E6FBA5F001C5C4E /* LemmonRestaurant-Ch3Tests */,
				334E0EDF2E6FBA5F001C5C4E /* LemmonRestaurant-Ch3UITests */,
			);
		};
/* End PBXProject section */

/* Begin PBXResourcesBuildPhase section */
		334E0EC72E6FBA5D001C5C4E /* Resources */ = {
			isa = PBXResourcesBuildPhase;
			buildActionMask = 2147483647;
			files = (
			);
			runOnlyForDeploymentPostprocessing = 0;
		};
		334E0ED42E6FBA5F001C5C4E /* Resources */ = {
			isa = PBXResourcesBuildPhase;
			buildActionMask = 2147483647;
			files = (
			);
			runOnlyForDeploymentPostprocessing = 0;
		};
		334E0EDE2E6FBA5F001C5C4E /* Resources */ = {
			isa = PBXResourcesBuildPhase;
			buildActionMask = 2147483647;
			files = (
			);
			runOnlyForDeploymentPostprocessing = 0;
		};
/* End PBXResourcesBuildPhase section */

/* Begin PBXSourcesBuildPhase section */
		334E0EC52E6FBA5D001C5C4E /* Sources */ = {
			isa = PBXSourcesBuildPhase;
			buildActionMask = 2147483647;
			files = (
			);
			runOnlyForDeploymentPostprocessing = 0;
		};
		334E0ED22E6FBA5F001C5C4E /* Sources */ = {
			isa = PBXSourcesBuildPhase;
			buildActionMask = 2147483647;
			files = (
			);
			runOnlyForDeploymentPostprocessing = 0;
		};
		334E0EDC2E6FBA5F001C5C4E /* Sources */ = {
			isa = PBXSourcesBuildPhase;
			buildActionMask = 2147483647;
			files = (
			);
			runOnlyForDeploymentPostprocessing = 0;
		};
/* End PBXSourcesBuildPhase section */

/* Begin PBXTargetDependency section */
		334E0ED82E6FBA5F001C5C4E /* PBXTargetDependency */ = {
			isa = PBXTargetDependency;
			target = 334E0EC82E6FBA5D001C5C4E /* LemmonRestaurant-Ch3 */;
			targetProxy = 334E0ED72E6FBA5F001C5C4E /* PBXContainerItemProxy */;
		};
		334E0EE22E6FBA5F001C5C4E /* PBXTargetDependency */ = {
			isa = PBXTargetDependency;
			target = 334E0EC82E6FBA5D001C5C4E /* LemmonRestaurant-Ch3 */;
			targetProxy = 334E0EE12E6FBA5F001C5C4E /* PBXContainerItemProxy */;
		};
/* End PBXTargetDependency section */

/* Begin XCBuildConfiguration section */
		334E0EE82E6FBA5F001C5C4E /* Debug */ = {
			isa = XCBuildConfiguration;
			buildSettings = {
				ALWAYS_SEARCH_USER_PATHS = NO;
				ASSETCATALOG_COMPILER_GENERATE_SWIFT_ASSET_SYMBOL_EXTENSIONS = YES;
				CLANG_ANALYZER_NONNULL = YES;
				CLANG_ANALYZER_NUMBER_OBJECT_CONVERSION = YES_AGGRESSIVE;
				CLANG_CXX_LANGUAGE_STANDARD = "gnu++20";
				CLANG_ENABLE_MODULES = YES;
				CLANG_ENABLE_OBJC_ARC = YES;
				CLANG_ENABLE_OBJC_WEAK = YES;
				CLANG_WARN_BLOCK_CAPTURE_AUTORELEASING = YES;
				CLANG_WARN_BOOL_CONVERSION = YES;
				CLANG_WARN_COMMA = YES;
				CLANG_WARN_CONSTANT_CONVERSION = YES;
				CLANG_WARN_DEPRECATED_OBJC_IMPLEMENTATIONS = YES;
				CLANG_WARN_DIRECT_OBJC_ISA_USAGE = YES_ERROR;
				CLANG_WARN_DOCUMENTATION_COMMENTS = YES;
				CLANG_WARN_EMPTY_BODY = YES;
				CLANG_WARN_ENUM_CONVERSION = YES;
				CLANG_WARN_INFINITE_RECURSION = YES;
				CLANG_WARN_INT_CONVERSION = YES;
				CLANG_WARN_NON_LITERAL_NULL_CONVERSION = YES;
				CLANG_WARN_OBJC_IMPLICIT_RETAIN_SELF = YES;
				CLANG_WARN_OBJC_LITERAL_CONVERSION = YES;
				CLANG_WARN_OBJC_ROOT_CLASS = YES_ERROR;
				CLANG_WARN_QUOTED_INCLUDE_IN_FRAMEWORK_HEADER = YES;
				CLANG_WARN_RANGE_LOOP_ANALYSIS = YES;
				CLANG_WARN_STRICT_PROTOTYPES = YES;
				CLANG_WARN_SUSPICIOUS_MOVE = YES;
				CLANG_WARN_UNGUARDED_AVAILABILITY = YES_AGGRESSIVE;
				CLANG_WARN_UNREACHABLE_CODE = YES;
				CLANG_WARN__DUPLICATE_METHOD_MATCH = YES;
				COPY_PHASE_STRIP = NO;
				DEBUG_INFORMATION_FORMAT = dwarf;
				ENABLE_STRICT_OBJC_MSGSEND = YES;
				ENABLE_TESTABILITY = YES;
				ENABLE_USER_SCRIPT_SANDBOXING = YES;
				GCC_C_LANGUAGE_STANDARD = gnu17;
				GCC_DYNAMIC_NO_PIC = NO;
				GCC_NO_COMMON_BLOCKS = YES;
				GCC_OPTIMIZATION_LEVEL = 0;
				GCC_PREPROCESSOR_DEFINITIONS = (
					"DEBUG=1",
					"$(inherited)",
				);
				GCC_WARN_64_TO_32_BIT_CONVERSION = YES;
				GCC_WARN_ABOUT_RETURN_TYPE = YES_ERROR;
				GCC_WARN_UNDECLARED_SELECTOR = YES;
				GCC_WARN_UNINITIALIZED_AUTOS = YES_AGGRESSIVE;
				GCC_WARN_UNUSED_FUNCTION = YES;
				GCC_WARN_UNUSED_VARIABLE = YES;
				IPHONEOS_DEPLOYMENT_TARGET = 18.5;
				LOCALIZATION_PREFERS_STRING_CATALOGS = YES;
				MTL_ENABLE_DEBUG_INFO = INCLUDE_SOURCE;
				MTL_FAST_MATH = YES;
				ONLY_ACTIVE_ARCH = YES;
				SDKROOT = iphoneos;
				SWIFT_ACTIVE_COMPILATION_CONDITIONS = "DEBUG $(inherited)";
				SWIFT_OPTIMIZATION_LEVEL = "-Onone";
			};
			name = Debug;
		};
		334E0EE92E6FBA5F001C5C4E /* Release */ = {
			isa = XCBuildConfiguration;
			buildSettings = {
				ALWAYS_SEARCH_USER_PATHS = NO;
				ASSETCATALOG_COMPILER_GENERATE_SWIFT_ASSET_SYMBOL_EXTENSIONS = YES;
				CLANG_ANALYZER_NONNULL = YES;
				CLANG_ANALYZER_NUMBER_OBJECT_CONVERSION = YES_AGGRESSIVE;
				CLANG_CXX_LANGUAGE_STANDARD = "gnu++20";
				CLANG_ENABLE_MODULES = YES;
				CLANG_ENABLE_OBJC_ARC = YES;
				CLANG_ENABLE_OBJC_WEAK = YES;
				CLANG_WARN_BLOCK_CAPTURE_AUTORELEASING = YES;
				CLANG_WARN_BOOL_CONVERSION = YES;
				CLANG_WARN_COMMA = YES;
				CLANG_WARN_CONSTANT_CONVERSION = YES;
				CLANG_WARN_DEPRECATED_OBJC_IMPLEMENTATIONS = YES;
				CLANG_WARN_DIRECT_OBJC_ISA_USAGE = YES_ERROR;
				CLANG_WARN_DOCUMENTATION_COMMENTS = YES;
				CLANG_WARN_EMPTY_BODY = YES;
				CLANG_WARN_ENUM_CONVERSION = YES;
				CLANG_WARN_INFINITE_RECURSION = YES;
				CLANG_WARN_INT_CONVERSION = YES;
				CLANG_WARN_NON_LITERAL_NULL_CONVERSION = YES;
				CLANG_WARN_OBJC_IMPLICIT_RETAIN_SELF = YES;
				CLANG_WARN_OBJC_LITERAL_CONVERSION = YES;
				CLANG_WARN_OBJC_ROOT_CLASS = YES_ERROR;
				CLANG_WARN_QUOTED_INCLUDE_IN_FRAMEWORK_HEADER = YES;
				CLANG_WARN_RANGE_LOOP_ANALYSIS = YES;
				CLANG_WARN_STRICT_PROTOTYPES = YES;
				CLANG_WARN_SUSPICIOUS_MOVE = YES;
				CLANG_WARN_UNGUARDED_AVAILABILITY = YES_AGGRESSIVE;
				CLANG_WARN_UNREACHABLE_CODE = YES;
				CLANG_WARN__DUPLICATE_METHOD_MATCH = YES;
				COPY_PHASE_STRIP = NO;
				DEBUG_INFORMATION_FORMAT = "dwarf-with-dsym";
				ENABLE_NS_ASSERTIONS = NO;
				ENABLE_STRICT_OBJC_MSGSEND = YES;
				ENABLE_USER_SCRIPT_SANDBOXING = YES;
				GCC_C_LANGUAGE_STANDARD = gnu17;
				GCC_NO_COMMON_BLOCKS = YES;
				GCC_WARN_64_TO_32_BIT_CONVERSION = YES;
				GCC_WARN_ABOUT_RETURN_TYPE = YES_ERROR;
				GCC_WARN_UNDECLARED_SELECTOR = YES;
				GCC_WARN_UNINITIALIZED_AUTOS = YES_AGGRESSIVE;
				GCC_WARN_UNUSED_FUNCTION = YES;
				GCC_WARN_UNUSED_VARIABLE = YES;
				IPHONEOS_DEPLOYMENT_TARGET = 18.5;
				LOCALIZATION_PREFERS_STRING_CATALOGS = YES;
				MTL_ENABLE_DEBUG_INFO = NO;
				MTL_FAST_MATH = YES;
				SDKROOT = iphoneos;
				SWIFT_COMPILATION_MODE = wholemodule;
				VALIDATE_PRODUCT = YES;
			};
			name = Release;
		};
		334E0EEB2E6FBA5F001C5C4E /* Debug */ = {
			isa = XCBuildConfiguration;
			buildSettings = {
				ASSETCATALOG_COMPILER_APPICON_NAME = AppIcon;
				ASSETCATALOG_COMPILER_GLOBAL_ACCENT_COLOR_NAME = AccentColor;
				CODE_SIGN_STYLE = Automatic;
				CURRENT_PROJECT_VERSION = 1;
				ENABLE_PREVIEWS = YES;
				GENERATE_INFOPLIST_FILE = YES;
				INFOPLIST_KEY_UIApplicationSceneManifest_Generation = YES;
				INFOPLIST_KEY_UIApplicationSupportsIndirectInputEvents = YES;
				INFOPLIST_KEY_UILaunchScreen_Generation = YES;
				INFOPLIST_KEY_UISupportedInterfaceOrientations_iPad = "UIInterfaceOrientationPortrait UIInterfaceOrientationPortraitUpsideDown UIInterfaceOrientationLandscapeLeft UIInterfaceOrientationLandscapeRight";
				INFOPLIST_KEY_UISupportedInterfaceOrientations_iPhone = "UIInterfaceOrientationPortrait UIInterfaceOrientationLandscapeLeft UIInterfaceOrientationLandscapeRight";
				LD_RUNPATH_SEARCH_PATHS = (
					"$(inherited)",
					"@executable_path/Frameworks",
				);
				MARKETING_VERSION = 1.0;
				PRODUCT_BUNDLE_IDENTIFIER = "com.example.app.LemmonRestaurant-Ch3";
				PRODUCT_NAME = "$(TARGET_NAME)";
				SWIFT_EMIT_LOC_STRINGS = YES;
				SWIFT_VERSION = 5.0;
				TARGETED_DEVICE_FAMILY = "1,2";
			};
			name = Debug;
		};
		334E0EEC2E6FBA5F001C5C4E /* Release */ = {
			isa = XCBuildConfiguration;
			buildSettings = {
				ASSETCATALOG_COMPILER_APPICON_NAME = AppIcon;
				ASSETCATALOG_COMPILER_GLOBAL_ACCENT_COLOR_NAME = AccentColor;
				CODE_SIGN_STYLE = Automatic;
				CURRENT_PROJECT_VERSION = 1;
				ENABLE_PREVIEWS = YES;
				GENERATE_INFOPLIST_FILE = YES;
				INFOPLIST_KEY_UIApplicationSceneManifest_Generation = YES;
				INFOPLIST_KEY_UIApplicationSupportsIndirectInputEvents = YES;
				INFOPLIST_KEY_UILaunchScreen_Generation = YES;
				INFOPLIST_KEY_UISupportedInterfaceOrientations_iPad = "UIInterfaceOrientationPortrait UIInterfaceOrientationPortraitUpsideDown UIInterfaceOrientationLandscapeLeft UIInterfaceOrientationLandscapeRight";
				INFOPLIST_KEY_UISupportedInterfaceOrientations_iPhone = "UIInterfaceOrientationPortrait UIInterfaceOrientationLandscapeLeft UIInterfaceOrientationLandscapeRight";
				LD_RUNPATH_SEARCH_PATHS = (
					"$(inherited)",
					"@executable_path/Frameworks",
				);
				MARKETING_VERSION = 1.0;
				PRODUCT_BUNDLE_IDENTIFIER = "com.example.app.LemmonRestaurant-Ch3";
				PRODUCT_NAME = "$(TARGET_NAME)";
				SWIFT_EMIT_LOC_STRINGS = YES;
				SWIFT_VERSION = 5.0;
				TARGETED_DEVICE_FAMILY = "1,2";
			};
			name = Release;
		};
		334E0EEE2E6FBA5F001C5C4E /* Debug */ = {
			isa = XCBuildConfiguration;
			buildSettings = {
				BUNDLE_LOADER = "$(TEST_HOST)";
				CODE_SIGN_STYLE = Automatic;
				CURRENT_PROJECT_VERSION = 1;
				GENERATE_INFOPLIST_FILE = YES;
				IPHONEOS_DEPLOYMENT_TARGET = 18.5;
				MARKETING_VERSION = 1.0;
				PRODUCT_BUNDLE_IDENTIFIER = "com.example.app.LemmonRestaurant-Ch3Tests";
				PRODUCT_NAME = "$(TARGET_NAME)";
				SWIFT_EMIT_LOC_STRINGS = NO;
				SWIFT_VERSION = 5.0;
				TARGETED_DEVICE_FAMILY = "1,2";
				TEST_HOST = "$(BUILT_PRODUCTS_DIR)/LemmonRestaurant-Ch3.app/$(BUNDLE_EXECUTABLE_FOLDER_PATH)/LemmonRestaurant-Ch3";
			};
			name = Debug;
		};
		334E0EEF2E6FBA5F001C5C4E /* Release */ = {
			isa = XCBuildConfiguration;
			buildSettings = {
				BUNDLE_LOADER = "$(TEST_HOST)";
				CODE_SIGN_STYLE = Automatic;
				CURRENT_PROJECT_VERSION = 1;
				GENERATE_INFOPLIST_FILE = YES;
				IPHONEOS_DEPLOYMENT_TARGET = 18.5;
				MARKETING_VERSION = 1.0;
				PRODUCT_BUNDLE_IDENTIFIER = "com.example.app.LemmonRestaurant-Ch3Tests";
				PRODUCT_NAME = "$(TARGET_NAME)";
				SWIFT_EMIT_LOC_STRINGS = NO;
				SWIFT_VERSION = 5.0;
				TARGETED_DEVICE_FAMILY = "1,2";
				TEST_HOST = "$(BUILT_PRODUCTS_DIR)/LemmonRestaurant-Ch3.app/$(BUNDLE_EXECUTABLE_FOLDER_PATH)/LemmonRestaurant-Ch3";
			};
			name = Release;
		};
		334E0EF12E6FBA5F001C5C4E /* Debug */ = {
			isa = XCBuildConfiguration;
			buildSettings = {
				CODE_SIGN_STYLE = Automatic;
				CURRENT_PROJECT_VERSION = 1;
				GENERATE_INFOPLIST_FILE = YES;
				MARKETING_VERSION = 1.0;
				PRODUCT_BUNDLE_IDENTIFIER = "com.example.app.LemmonRestaurant-Ch3UITests";
				PRODUCT_NAME = "$(TARGET_NAME)";
				SWIFT_EMIT_LOC_STRINGS = NO;
				SWIFT_VERSION = 5.0;
				TARGETED_DEVICE_FAMILY = "1,2";
				TEST_TARGET_NAME = "LemmonRestaurant-Ch3";
			};
			name = Debug;
		};
		334E0EF22E6FBA5F001C5C4E /* Release */ = {
			isa = XCBuildConfiguration;
			buildSettings = {
				CODE_SIGN_STYLE = Automatic;
				CURRENT_PROJECT_VERSION = 1;
				GENERATE_INFOPLIST_FILE = YES;
				MARKETING_VERSION = 1.0;
				PRODUCT_BUNDLE_IDENTIFIER = "com.example.app.LemmonRestaurant-Ch3UITests";
				PRODUCT_NAME = "$(TARGET_NAME)";
				SWIFT_EMIT_LOC_STRINGS = NO;
				SWIFT_VERSION = 5.0;
				TARGETED_DEVICE_FAMILY = "1,2";
				TEST_TARGET_NAME = "LemmonRestaurant-Ch3";
			};
			name = Release;
		};
/* End XCBuildConfiguration section */

/* Begin XCConfigurationList section */
		334E0EC42E6FBA5D001C5C4E /* Build configuration list for PBXProject "LemmonRestaurant-Ch3" */ = {
			isa = XCConfigurationList;
			buildConfigurations = (
				334E0EE82E6FBA5F001C5C4E /* Debug */,
				334E0EE92E6FBA5F001C5C4E /* Release */,
			);
			defaultConfigurationIsVisible = 0;
			defaultConfigurationName = Release;
		};
		334E0EEA2E6FBA5F001C5C4E /* Build configuration list for PBXNativeTarget "LemmonRestaurant-Ch3" */ = {
			isa = XCConfigurationList;
			buildConfigurations = (
				334E0EEB2E6FBA5F001C5C4E /* Debug */,
				334E0EEC2E6FBA5F001C5C4E /* Release */,
			);
			defaultConfigurationIsVisible = 0;
			defaultConfigurationName = Release;
		};
		334E0EED2E6FBA5F001C5C4E /* Build configuration list for PBXNativeTarget "LemmonRestaurant-Ch3Tests" */ = {
			isa = XCConfigurationList;
			buildConfigurations = (
				334E0EEE2E6FBA5F001C5C4E /* Debug */,
				334E0EEF2E6FBA5F001C5C4E /* Release */,
			);
			defaultConfigurationIsVisible = 0;
			defaultConfigurationName = Release;
		};
		334E0EF02E6FBA5F001C5C4E /* Build configuration list for PBXNativeTarget "LemmonRestaurant-Ch3UITests" */ = {
			isa = XCConfigurationList;
			buildConfigurations = (
				334E0EF12E6FBA5F001C5C4E /* Debug */,
				334E0EF22E6FBA5F001C5C4E /* Release */,
			);
			defaultConfigurationIsVisible = 0;
			defaultConfigurationName = Release;
		};
/* End XCConfigurationList section */
	};
	rootObject = 334E0EC12E6FBA5D001C5C4E /* Project object */;
}
